
Microsoft Visual Studio Solution File, Format Version 12.00
# Visual Studio Version 16
VisualStudioVersion = 16.0.29102.190
MinimumVisualStudioVersion = 10.0.40219.1
Project("{9A19103F-16F7-4668-BE54-9A1E7A4F7556}") = "WpfDemo", "WpfDemo\WpfDemo.csproj", "{56148898-2D99-4BDB-BC4E-40CAC6F40EBE}"
EndProject
Project("{9A19103F-16F7-4668-BE54-9A1E7A4F7556}") = "EM.GIS.Controls", "EM.GIS.Controls\EM.GIS.Controls.csproj", "{B2B02E87-F8C8-422D-A00C-D25BE373EE27}"
EndProject
Project("{9A19103F-16F7-4668-BE54-9A1E7A4F7556}") = "EM.GIS.WPFControls", "EM.GIS.Controls.WPF\EM.GIS.WPFControls.csproj", "{186865C7-9E63-428D-A0AB-5FF830B66C8B}"
EndProject
Project("{9A19103F-16F7-4668-BE54-9A1E7A4F7556}") = "EM.GIS.Data", "EM.GIS.Data\EM.GIS.Data.csproj", "{4A62E96C-018A-4392-94A5-9E32D1297775}"
EndProject
Project("{9A19103F-16F7-4668-BE54-9A1E7A4F7556}") = "EM.GIS.Resources", "EM.GIS.Resources\EM.GIS.Resources.csproj", "{17D1BB7B-6D3B-4725-86B5-B419E0D1AFD2}"
EndProject
Project("{9A19103F-16F7-4668-BE54-9A1E7A4F7556}") = "EM.GIS.Serialization", "EM.GIS.Serialization\EM.GIS.Serialization.csproj", "{B92BF8DB-1174-48B9-BB66-3C103003DECF}"
EndProject
Project("{9A19103F-16F7-4668-BE54-9A1E7A4F7556}") = "EM.GIS.Symbology", "EM.GIS.Symbology\EM.GIS.Symbology.csproj", "{0B7D2362-DD61-4F31-84EE-313FFAFBB326}"
EndProject
Project("{9A19103F-16F7-4668-BE54-9A1E7A4F7556}") = "EM.GIS.Test", "EM.GIS.Test\EM.GIS.Test.csproj", "{E4A21811-0858-4A9B-9132-1714EC58C49C}"
EndProject
Project("{9A19103F-16F7-4668-BE54-9A1E7A4F7556}") = "EM.GIS.Gdals", "EM.GIS.Gdals\EM.GIS.Gdals.csproj", "{3E4425F2-FE47-42B1-9E03-B9B6D44CC643}"
EndProject
Project("{9A19103F-16F7-4668-BE54-9A1E7A4F7556}") = "EM.GIS.Projection", "EM.GIS.Projection\EM.GIS.Projection.csproj", "{04FB6225-3C6C-4B8A-8DA8-1C7FAB650A63}"
EndProject
Project("{9A19103F-16F7-4668-BE54-9A1E7A4F7556}") = "EM.GIS.Geometries", "EM.GIS.Geometries\EM.GIS.Geometries.csproj", "{9863E561-7169-4A85-AF76-C030B39517C2}"
EndProject
Project("{2150E333-8FDC-42A3-9474-1A3956D46DE8}") = "Extensions", "Extensions", "{02F54416-7905-44EE-8025-59FE6261CA78}"
EndProject
Global
	GlobalSection(SolutionConfigurationPlatforms) = preSolution
		Debug|Any CPU = Debug|Any CPU
		Release|Any CPU = Release|Any CPU
	EndGlobalSection
	GlobalSection(ProjectConfigurationPlatforms) = postSolution
		{56148898-2D99-4BDB-BC4E-40CAC6F40EBE}.Debug|Any CPU.ActiveCfg = Debug|Any CPU
		{56148898-2D99-4BDB-BC4E-40CAC6F40EBE}.Debug|Any CPU.Build.0 = Debug|Any CPU
		{56148898-2D99-4BDB-BC4E-40CAC6F40EBE}.Release|Any CPU.ActiveCfg = Release|Any CPU
		{56148898-2D99-4BDB-BC4E-40CAC6F40EBE}.Release|Any CPU.Build.0 = Release|Any CPU
		{B2B02E87-F8C8-422D-A00C-D25BE373EE27}.Debug|Any CPU.ActiveCfg = Debug|Any CPU
		{B2B02E87-F8C8-422D-A00C-D25BE373EE27}.Debug|Any CPU.Build.0 = Debug|Any CPU
		{B2B02E87-F8C8-422D-A00C-D25BE373EE27}.Release|Any CPU.ActiveCfg = Release|Any CPU
		{B2B02E87-F8C8-422D-A00C-D25BE373EE27}.Release|Any CPU.Build.0 = Release|Any CPU
		{186865C7-9E63-428D-A0AB-5FF830B66C8B}.Debug|Any CPU.ActiveCfg = Debug|Any CPU
		{186865C7-9E63-428D-A0AB-5FF830B66C8B}.Debug|Any CPU.Build.0 = Debug|Any CPU
		{186865C7-9E63-428D-A0AB-5FF830B66C8B}.Release|Any CPU.ActiveCfg = Release|Any CPU
		{186865C7-9E63-428D-A0AB-5FF830B66C8B}.Release|Any CPU.Build.0 = Release|Any CPU
		{4A62E96C-018A-4392-94A5-9E32D1297775}.Debug|Any CPU.ActiveCfg = Debug|Any CPU
		{4A62E96C-018A-4392-94A5-9E32D1297775}.Debug|Any CPU.Build.0 = Debug|Any CPU
		{4A62E96C-018A-4392-94A5-9E32D1297775}.Release|Any CPU.ActiveCfg = Release|Any CPU
		{4A62E96C-018A-4392-94A5-9E32D1297775}.Release|Any CPU.Build.0 = Release|Any CPU
		{17D1BB7B-6D3B-4725-86B5-B419E0D1AFD2}.Debug|Any CPU.ActiveCfg = Debug|Any CPU
		{17D1BB7B-6D3B-4725-86B5-B419E0D1AFD2}.Debug|Any CPU.Build.0 = Debug|Any CPU
		{17D1BB7B-6D3B-4725-86B5-B419E0D1AFD2}.Release|Any CPU.ActiveCfg = Release|Any CPU
		{17D1BB7B-6D3B-4725-86B5-B419E0D1AFD2}.Release|Any CPU.Build.0 = Release|Any CPU
		{B92BF8DB-1174-48B9-BB66-3C103003DECF}.Debug|Any CPU.ActiveCfg = Debug|Any CPU
		{B92BF8DB-1174-48B9-BB66-3C103003DECF}.Debug|Any CPU.Build.0 = Debug|Any CPU
		{B92BF8DB-1174-48B9-BB66-3C103003DECF}.Release|Any CPU.ActiveCfg = Release|Any CPU
		{B92BF8DB-1174-48B9-BB66-3C103003DECF}.Release|Any CPU.Build.0 = Release|Any CPU
		{0B7D2362-DD61-4F31-84EE-313FFAFBB326}.Debug|Any CPU.ActiveCfg = Debug|Any CPU
		{0B7D2362-DD61-4F31-84EE-313FFAFBB326}.Debug|Any CPU.Build.0 = Debug|Any CPU
		{0B7D2362-DD61-4F31-84EE-313FFAFBB326}.Release|Any CPU.ActiveCfg = Release|Any CPU
		{0B7D2362-DD61-4F31-84EE-313FFAFBB326}.Release|Any CPU.Build.0 = Release|Any CPU
		{E4A21811-0858-4A9B-9132-1714EC58C49C}.Debug|Any CPU.ActiveCfg = Debug|Any CPU
		{E4A21811-0858-4A9B-9132-1714EC58C49C}.Debug|Any CPU.Build.0 = Debug|Any CPU
		{E4A21811-0858-4A9B-9132-1714EC58C49C}.Release|Any CPU.ActiveCfg = Release|Any CPU
		{E4A21811-0858-4A9B-9132-1714EC58C49C}.Release|Any CPU.Build.0 = Release|Any CPU
		{3E4425F2-FE47-42B1-9E03-B9B6D44CC643}.Debug|Any CPU.ActiveCfg = Debug|Any CPU
		{3E4425F2-FE47-42B1-9E03-B9B6D44CC643}.Debug|Any CPU.Build.0 = Debug|Any CPU
		{3E4425F2-FE47-42B1-9E03-B9B6D44CC643}.Release|Any CPU.ActiveCfg = Release|Any CPU
		{3E4425F2-FE47-42B1-9E03-B9B6D44CC643}.Release|Any CPU.Build.0 = Release|Any CPU
		{04FB6225-3C6C-4B8A-8DA8-1C7FAB650A63}.Debug|Any CPU.ActiveCfg = Debug|Any CPU
		{04FB6225-3C6C-4B8A-8DA8-1C7FAB650A63}.Debug|Any CPU.Build.0 = Debug|Any CPU
		{04FB6225-3C6C-4B8A-8DA8-1C7FAB650A63}.Release|Any CPU.ActiveCfg = Release|Any CPU
		{04FB6225-3C6C-4B8A-8DA8-1C7FAB650A63}.Release|Any CPU.Build.0 = Release|Any CPU
		{9863E561-7169-4A85-AF76-C030B39517C2}.Debug|Any CPU.ActiveCfg = Debug|Any CPU
		{9863E561-7169-4A85-AF76-C030B39517C2}.Debug|Any CPU.Build.0 = Debug|Any CPU
		{9863E561-7169-4A85-AF76-C030B39517C2}.Release|Any CPU.ActiveCfg = Release|Any CPU
		{9863E561-7169-4A85-AF76-C030B39517C2}.Release|Any CPU.Build.0 = Release|Any CPU
	EndGlobalSection
	GlobalSection(SolutionProperties) = preSolution
		HideSolutionNode = FALSE
	EndGlobalSection
	GlobalSection(NestedProjects) = preSolution
		{3E4425F2-FE47-42B1-9E03-B9B6D44CC643} = {02F54416-7905-44EE-8025-59FE6261CA78}
	EndGlobalSection
	GlobalSection(ExtensibilityGlobals) = postSolution
		SolutionGuid = {267256E8-360B-4063-9720-11ECE7A1F6CC}
	EndGlobalSection
EndGlobal
