
Microsoft Visual Studio Solution File, Format Version 12.00
# Visual Studio Version 16
VisualStudioVersion = 16.0.29102.190
MinimumVisualStudioVersion = 10.0.40219.1
Project("{9A19103F-16F7-4668-BE54-9A1E7A4F7556}") = "WpfDemo", "WpfDemo\WpfDemo.csproj", "{56148898-2D99-4BDB-BC4E-40CAC6F40EBE}"
EndProject
Project("{9A19103F-16F7-4668-BE54-9A1E7A4F7556}") = "EM.GIS.WPFControls", "EM.GIS.Controls.WPF\EM.GIS.WPFControls.csproj", "{186865C7-9E63-428D-A0AB-5FF830B66C8B}"
EndProject
Project("{9A19103F-16F7-4668-BE54-9A1E7A4F7556}") = "EM.GIS.Test", "EM.GIS.Test\EM.GIS.Test.csproj", "{E4A21811-0858-4A9B-9132-1714EC58C49C}"
EndProject
Project("{FAE04EC0-301F-11D3-BF4B-00C04F79EFBC}") = "EM.GIS.Resources", "EM.GIS.Resources\EM.GIS.Resources.csproj", "{2CA74CCE-AE13-46C8-913B-EFEA8F7A886F}"
EndProject
Global
	GlobalSection(SolutionConfigurationPlatforms) = preSolution
		Debug|Any CPU = Debug|Any CPU
		Release|Any CPU = Release|Any CPU
	EndGlobalSection
	GlobalSection(ProjectConfigurationPlatforms) = postSolution
		{56148898-2D99-4BDB-BC4E-40CAC6F40EBE}.Debug|Any CPU.ActiveCfg = Debug|Any CPU
		{56148898-2D99-4BDB-BC4E-40CAC6F40EBE}.Debug|Any CPU.Build.0 = Debug|Any CPU
		{56148898-2D99-4BDB-BC4E-40CAC6F40EBE}.Release|Any CPU.ActiveCfg = Release|Any CPU
		{56148898-2D99-4BDB-BC4E-40CAC6F40EBE}.Release|Any CPU.Build.0 = Release|Any CPU
		{186865C7-9E63-428D-A0AB-5FF830B66C8B}.Debug|Any CPU.ActiveCfg = Debug|Any CPU
		{186865C7-9E63-428D-A0AB-5FF830B66C8B}.Debug|Any CPU.Build.0 = Debug|Any CPU
		{186865C7-9E63-428D-A0AB-5FF830B66C8B}.Release|Any CPU.ActiveCfg = Release|Any CPU
		{186865C7-9E63-428D-A0AB-5FF830B66C8B}.Release|Any CPU.Build.0 = Release|Any CPU
		{E4A21811-0858-4A9B-9132-1714EC58C49C}.Debug|Any CPU.ActiveCfg = Debug|Any CPU
		{E4A21811-0858-4A9B-9132-1714EC58C49C}.Debug|Any CPU.Build.0 = Debug|Any CPU
		{E4A21811-0858-4A9B-9132-1714EC58C49C}.Release|Any CPU.ActiveCfg = Release|Any CPU
		{E4A21811-0858-4A9B-9132-1714EC58C49C}.Release|Any CPU.Build.0 = Release|Any CPU
		{2CA74CCE-AE13-46C8-913B-EFEA8F7A886F}.Debug|Any CPU.ActiveCfg = Debug|Any CPU
		{2CA74CCE-AE13-46C8-913B-EFEA8F7A886F}.Debug|Any CPU.Build.0 = Debug|Any CPU
		{2CA74CCE-AE13-46C8-913B-EFEA8F7A886F}.Release|Any CPU.ActiveCfg = Release|Any CPU
		{2CA74CCE-AE13-46C8-913B-EFEA8F7A886F}.Release|Any CPU.Build.0 = Release|Any CPU
	EndGlobalSection
	GlobalSection(SolutionProperties) = preSolution
		HideSolutionNode = FALSE
	EndGlobalSection
	GlobalSection(ExtensibilityGlobals) = postSolution
		SolutionGuid = {267256E8-360B-4063-9720-11ECE7A1F6CC}
	EndGlobalSection
EndGlobal
