
Microsoft Visual Studio Solution File, Format Version 12.00
# Visual Studio Version 16
VisualStudioVersion = 16.0.29020.237
MinimumVisualStudioVersion = 10.0.40219.1
Project("{9A19103F-16F7-4668-BE54-9A1E7A4F7556}") = "IMap.Gis.Symbology", "IMap.Gis.Symbology\IMap.Gis.Symbology.csproj", "{1D16BA9E-9D20-4C0E-B55B-C824DD2926FD}"
EndProject
Global
	GlobalSection(SolutionConfigurationPlatforms) = preSolution
		Debug|Any CPU = Debug|Any CPU
		Release|Any CPU = Release|Any CPU
	EndGlobalSection
	GlobalSection(ProjectConfigurationPlatforms) = postSolution
		{1D16BA9E-9D20-4C0E-B55B-C824DD2926FD}.Debug|Any CPU.ActiveCfg = Debug|Any CPU
		{1D16BA9E-9D20-4C0E-B55B-C824DD2926FD}.Debug|Any CPU.Build.0 = Debug|Any CPU
		{1D16BA9E-9D20-4C0E-B55B-C824DD2926FD}.Release|Any CPU.ActiveCfg = Release|Any CPU
		{1D16BA9E-9D20-4C0E-B55B-C824DD2926FD}.Release|Any CPU.Build.0 = Release|Any CPU
	EndGlobalSection
	GlobalSection(SolutionProperties) = preSolution
		HideSolutionNode = FALSE
	EndGlobalSection
	GlobalSection(ExtensibilityGlobals) = postSolution
		SolutionGuid = {267256E8-360B-4063-9720-11ECE7A1F6CC}
	EndGlobalSection
EndGlobal
